// !$*UTF8*$!
{
	archiveVersion = 1;
	classes = {
	};
	objectVersion = 48;
	objects = {

/* Begin PBXBuildFile section */
		9C269B1C1FA7C4BA00948B0A /* AppDelegate.swift in Sources */ = {isa = PBXBuildFile; fileRef = 9C269B1B1FA7C4BA00948B0A /* AppDelegate.swift */; };
		9C269B1E1FA7C4BA00948B0A /* ViewController.swift in Sources */ = {isa = PBXBuildFile; fileRef = 9C269B1D1FA7C4BA00948B0A /* ViewController.swift */; };
		9C269B211FA7C4BA00948B0A /* Main.storyboard in Resources */ = {isa = PBXBuildFile; fileRef = 9C269B1F1FA7C4BA00948B0A /* Main.storyboard */; };
		9C269B231FA7C4BA00948B0A /* Assets.xcassets in Resources */ = {isa = PBXBuildFile; fileRef = 9C269B221FA7C4BA00948B0A /* Assets.xcassets */; };
		9C269B261FA7C4BA00948B0A /* LaunchScreen.storyboard in Resources */ = {isa = PBXBuildFile; fileRef = 9C269B241FA7C4BA00948B0A /* LaunchScreen.storyboard */; };
		9C269B311FA7C4BA00948B0A /* CILabTests.swift in Sources */ = {isa = PBXBuildFile; fileRef = 9C269B301FA7C4BA00948B0A /* CILabTests.swift */; };
		9C269B3C1FA7C4BA00948B0A /* CILabUITests.swift in Sources */ = {isa = PBXBuildFile; fileRef = 9C269B3B1FA7C4BA00948B0A /* CILabUITests.swift */; };
/* End PBXBuildFile section */

/* Begin PBXContainerItemProxy section */
		9C269B2D1FA7C4BA00948B0A /* PBXContainerItemProxy */ = {
			isa = PBXContainerItemProxy;
			containerPortal = 9C269B101FA7C4BA00948B0A /* Project object */;
			proxyType = 1;
			remoteGlobalIDString = 9C269B171FA7C4BA00948B0A;
			remoteInfo = CILab;
		};
		9C269B381FA7C4BA00948B0A /* PBXContainerItemProxy */ = {
			isa = PBXContainerItemProxy;
			containerPortal = 9C269B101FA7C4BA00948B0A /* Project object */;
			proxyType = 1;
			remoteGlobalIDString = 9C269B171FA7C4BA00948B0A;
			remoteInfo = CILab;
		};
/* End PBXContainerItemProxy section */

/* Begin PBXFileReference section */
		9C269B181FA7C4BA00948B0A /* CILab.app */ = {isa = PBXFileReference; explicitFileType = wrapper.application; includeInIndex = 0; path = CILab.app; sourceTree = BUILT_PRODUCTS_DIR; };
		9C269B1B1FA7C4BA00948B0A /* AppDelegate.swift */ = {isa = PBXFileReference; lastKnownFileType = sourcecode.swift; path = AppDelegate.swift; sourceTree = "<group>"; };
		9C269B1D1FA7C4BA00948B0A /* ViewController.swift */ = {isa = PBXFileReference; lastKnownFileType = sourcecode.swift; path = ViewController.swift; sourceTree = "<group>"; };
		9C269B201FA7C4BA00948B0A /* Base */ = {isa = PBXFileReference; lastKnownFileType = file.storyboard; name = Base; path = Base.lproj/Main.storyboard; sourceTree = "<group>"; };
		9C269B221FA7C4BA00948B0A /* Assets.xcassets */ = {isa = PBXFileReference; lastKnownFileType = folder.assetcatalog; path = Assets.xcassets; sourceTree = "<group>"; };
		9C269B251FA7C4BA00948B0A /* Base */ = {isa = PBXFileReference; lastKnownFileType = file.storyboard; name = Base; path = Base.lproj/LaunchScreen.storyboard; sourceTree = "<group>"; };
		9C269B271FA7C4BA00948B0A /* Info.plist */ = {isa = PBXFileReference; lastKnownFileType = text.plist.xml; path = Info.plist; sourceTree = "<group>"; };
		9C269B2C1FA7C4BA00948B0A /* CILabTests.xctest */ = {isa = PBXFileReference; explicitFileType = wrapper.cfbundle; includeInIndex = 0; path = CILabTests.xctest; sourceTree = BUILT_PRODUCTS_DIR; };
		9C269B301FA7C4BA00948B0A /* CILabTests.swift */ = {isa = PBXFileReference; lastKnownFileType = sourcecode.swift; path = CILabTests.swift; sourceTree = "<group>"; };
		9C269B321FA7C4BA00948B0A /* Info.plist */ = {isa = PBXFileReference; lastKnownFileType = text.plist.xml; path = Info.plist; sourceTree = "<group>"; };
		9C269B371FA7C4BA00948B0A /* CILabUITests.xctest */ = {isa = PBXFileReference; explicitFileType = wrapper.cfbundle; includeInIndex = 0; path = CILabUITests.xctest; sourceTree = BUILT_PRODUCTS_DIR; };
		9C269B3B1FA7C4BA00948B0A /* CILabUITests.swift */ = {isa = PBXFileReference; lastKnownFileType = sourcecode.swift; path = CILabUITests.swift; sourceTree = "<group>"; };
		9C269B3D1FA7C4BA00948B0A /* Info.plist */ = {isa = PBXFileReference; lastKnownFileType = text.plist.xml; path = Info.plist; sourceTree = "<group>"; };
/* End PBXFileReference section */

/* Begin PBXFrameworksBuildPhase section */
		9C269B151FA7C4BA00948B0A /* Frameworks */ = {
			isa = PBXFrameworksBuildPhase;
			buildActionMask = 2147483647;
			files = (
			);
			runOnlyForDeploymentPostprocessing = 0;
		};
		9C269B291FA7C4BA00948B0A /* Frameworks */ = {
			isa = PBXFrameworksBuildPhase;
			buildActionMask = 2147483647;
			files = (
			);
			runOnlyForDeploymentPostprocessing = 0;
		};
		9C269B341FA7C4BA00948B0A /* Frameworks */ = {
			isa = PBXFrameworksBuildPhase;
			buildActionMask = 2147483647;
			files = (
			);
			runOnlyForDeploymentPostprocessing = 0;
		};
/* End PBXFrameworksBuildPhase section */

/* Begin PBXGroup section */
		9C269B0F1FA7C4BA00948B0A = {
			isa = PBXGroup;
			children = (
				9C269B1A1FA7C4BA00948B0A /* CILab */,
				9C269B2F1FA7C4BA00948B0A /* CILabTests */,
				9C269B3A1FA7C4BA00948B0A /* CILabUITests */,
				9C269B191FA7C4BA00948B0A /* Products */,
			);
			sourceTree = "<group>";
		};
		9C269B191FA7C4BA00948B0A /* Products */ = {
			isa = PBXGroup;
			children = (
				9C269B181FA7C4BA00948B0A /* CILab.app */,
				9C269B2C1FA7C4BA00948B0A /* CILabTests.xctest */,
				9C269B371FA7C4BA00948B0A /* CILabUITests.xctest */,
			);
			name = Products;
			sourceTree = "<group>";
		};
		9C269B1A1FA7C4BA00948B0A /* CILab */ = {
			isa = PBXGroup;
			children = (
				9C269B1B1FA7C4BA00948B0A /* AppDelegate.swift */,
				9C269B1D1FA7C4BA00948B0A /* ViewController.swift */,
				9C269B1F1FA7C4BA00948B0A /* Main.storyboard */,
				9C269B221FA7C4BA00948B0A /* Assets.xcassets */,
				9C269B241FA7C4BA00948B0A /* LaunchScreen.storyboard */,
				9C269B271FA7C4BA00948B0A /* Info.plist */,
			);
			path = CILab;
			sourceTree = "<group>";
		};
		9C269B2F1FA7C4BA00948B0A /* CILabTests */ = {
			isa = PBXGroup;
			children = (
				9C269B301FA7C4BA00948B0A /* CILabTests.swift */,
				9C269B321FA7C4BA00948B0A /* Info.plist */,
			);
			path = CILabTests;
			sourceTree = "<group>";
		};
		9C269B3A1FA7C4BA00948B0A /* CILabUITests */ = {
			isa = PBXGroup;
			children = (
				9C269B3B1FA7C4BA00948B0A /* CILabUITests.swift */,
				9C269B3D1FA7C4BA00948B0A /* Info.plist */,
			);
			path = CILabUITests;
			sourceTree = "<group>";
		};
/* End PBXGroup section */

/* Begin PBXNativeTarget section */
		9C269B171FA7C4BA00948B0A /* CILab */ = {
			isa = PBXNativeTarget;
			buildConfigurationList = 9C269B401FA7C4BB00948B0A /* Build configuration list for PBXNativeTarget "CILab" */;
			buildPhases = (
				9C269B141FA7C4BA00948B0A /* Sources */,
				9C269B151FA7C4BA00948B0A /* Frameworks */,
				9C269B161FA7C4BA00948B0A /* Resources */,
			);
			buildRules = (
			);
			dependencies = (
			);
			name = CILab;
			productName = CILab;
			productReference = 9C269B181FA7C4BA00948B0A /* CILab.app */;
			productType = "com.apple.product-type.application";
		};
		9C269B2B1FA7C4BA00948B0A /* CILabTests */ = {
			isa = PBXNativeTarget;
			buildConfigurationList = 9C269B431FA7C4BB00948B0A /* Build configuration list for PBXNativeTarget "CILabTests" */;
			buildPhases = (
				9C269B281FA7C4BA00948B0A /* Sources */,
				9C269B291FA7C4BA00948B0A /* Frameworks */,
				9C269B2A1FA7C4BA00948B0A /* Resources */,
			);
			buildRules = (
			);
			dependencies = (
				9C269B2E1FA7C4BA00948B0A /* PBXTargetDependency */,
			);
			name = CILabTests;
			productName = CILabTests;
			productReference = 9C269B2C1FA7C4BA00948B0A /* CILabTests.xctest */;
			productType = "com.apple.product-type.bundle.unit-test";
		};
		9C269B361FA7C4BA00948B0A /* CILabUITests */ = {
			isa = PBXNativeTarget;
			buildConfigurationList = 9C269B461FA7C4BB00948B0A /* Build configuration list for PBXNativeTarget "CILabUITests" */;
			buildPhases = (
				9C269B331FA7C4BA00948B0A /* Sources */,
				9C269B341FA7C4BA00948B0A /* Frameworks */,
				9C269B351FA7C4BA00948B0A /* Resources */,
			);
			buildRules = (
			);
			dependencies = (
				9C269B391FA7C4BA00948B0A /* PBXTargetDependency */,
			);
			name = CILabUITests;
			productName = CILabUITests;
			productReference = 9C269B371FA7C4BA00948B0A /* CILabUITests.xctest */;
			productType = "com.apple.product-type.bundle.ui-testing";
		};
/* End PBXNativeTarget section */

/* Begin PBXProject section */
		9C269B101FA7C4BA00948B0A /* Project object */ = {
			isa = PBXProject;
			attributes = {
				LastSwiftUpdateCheck = 0900;
				LastUpgradeCheck = 0900;
				ORGANIZATIONNAME = "Eugenio Barquín";
				TargetAttributes = {
					9C269B171FA7C4BA00948B0A = {
						CreatedOnToolsVersion = 9.0.1;
						ProvisioningStyle = Automatic;
					};
					9C269B2B1FA7C4BA00948B0A = {
						CreatedOnToolsVersion = 9.0.1;
						ProvisioningStyle = Automatic;
						TestTargetID = 9C269B171FA7C4BA00948B0A;
					};
					9C269B361FA7C4BA00948B0A = {
						CreatedOnToolsVersion = 9.0.1;
						ProvisioningStyle = Automatic;
						TestTargetID = 9C269B171FA7C4BA00948B0A;
					};
				};
			};
			buildConfigurationList = 9C269B131FA7C4BA00948B0A /* Build configuration list for PBXProject "CILab" */;
			compatibilityVersion = "Xcode 8.0";
			developmentRegion = en;
			hasScannedForEncodings = 0;
			knownRegions = (
				en,
				Base,
			);
			mainGroup = 9C269B0F1FA7C4BA00948B0A;
			productRefGroup = 9C269B191FA7C4BA00948B0A /* Products */;
			projectDirPath = "";
			projectRoot = "";
			targets = (
				9C269B171FA7C4BA00948B0A /* CILab */,
				9C269B2B1FA7C4BA00948B0A /* CILabTests */,
				9C269B361FA7C4BA00948B0A /* CILabUITests */,
			);
		};
/* End PBXProject section */

/* Begin PBXResourcesBuildPhase section */
		9C269B161FA7C4BA00948B0A /* Resources */ = {
			isa = PBXResourcesBuildPhase;
			buildActionMask = 2147483647;
			files = (
				9C269B261FA7C4BA00948B0A /* LaunchScreen.storyboard in Resources */,
				9C269B231FA7C4BA00948B0A /* Assets.xcassets in Resources */,
				9C269B211FA7C4BA00948B0A /* Main.storyboard in Resources */,
			);
			runOnlyForDeploymentPostprocessing = 0;
		};
		9C269B2A1FA7C4BA00948B0A /* Resources */ = {
			isa = PBXResourcesBuildPhase;
			buildActionMask = 2147483647;
			files = (
			);
			runOnlyForDeploymentPostprocessing = 0;
		};
		9C269B351FA7C4BA00948B0A /* Resources */ = {
			isa = PBXResourcesBuildPhase;
			buildActionMask = 2147483647;
			files = (
			);
			runOnlyForDeploymentPostprocessing = 0;
		};
/* End PBXResourcesBuildPhase section */

/* Begin PBXSourcesBuildPhase section */
		9C269B141FA7C4BA00948B0A /* Sources */ = {
			isa = PBXSourcesBuildPhase;
			buildActionMask = 2147483647;
			files = (
				9C269B1E1FA7C4BA00948B0A /* ViewController.swift in Sources */,
				9C269B1C1FA7C4BA00948B0A /* AppDelegate.swift in Sources */,
			);
			runOnlyForDeploymentPostprocessing = 0;
		};
		9C269B281FA7C4BA00948B0A /* Sources */ = {
			isa = PBXSourcesBuildPhase;
			buildActionMask = 2147483647;
			files = (
				9C269B311FA7C4BA00948B0A /* CILabTests.swift in Sources */,
			);
			runOnlyForDeploymentPostprocessing = 0;
		};
		9C269B331FA7C4BA00948B0A /* Sources */ = {
			isa = PBXSourcesBuildPhase;
			buildActionMask = 2147483647;
			files = (
				9C269B3C1FA7C4BA00948B0A /* CILabUITests.swift in Sources */,
			);
			runOnlyForDeploymentPostprocessing = 0;
		};
/* End PBXSourcesBuildPhase section */

/* Begin PBXTargetDependency section */
		9C269B2E1FA7C4BA00948B0A /* PBXTargetDependency */ = {
			isa = PBXTargetDependency;
			target = 9C269B171FA7C4BA00948B0A /* CILab */;
			targetProxy = 9C269B2D1FA7C4BA00948B0A /* PBXContainerItemProxy */;
		};
		9C269B391FA7C4BA00948B0A /* PBXTargetDependency */ = {
			isa = PBXTargetDependency;
			target = 9C269B171FA7C4BA00948B0A /* CILab */;
			targetProxy = 9C269B381FA7C4BA00948B0A /* PBXContainerItemProxy */;
		};
/* End PBXTargetDependency section */

/* Begin PBXVariantGroup section */
		9C269B1F1FA7C4BA00948B0A /* Main.storyboard */ = {
			isa = PBXVariantGroup;
			children = (
				9C269B201FA7C4BA00948B0A /* Base */,
			);
			name = Main.storyboard;
			sourceTree = "<group>";
		};
		9C269B241FA7C4BA00948B0A /* LaunchScreen.storyboard */ = {
			isa = PBXVariantGroup;
			children = (
				9C269B251FA7C4BA00948B0A /* Base */,
			);
			name = LaunchScreen.storyboard;
			sourceTree = "<group>";
		};
/* End PBXVariantGroup section */

/* Begin XCBuildConfiguration section */
		9C269B3E1FA7C4BB00948B0A /* Debug */ = {
			isa = XCBuildConfiguration;
			buildSettings = {
				ALWAYS_SEARCH_USER_PATHS = NO;
				CLANG_ANALYZER_NONNULL = YES;
				CLANG_ANALYZER_NUMBER_OBJECT_CONVERSION = YES_AGGRESSIVE;
				CLANG_CXX_LANGUAGE_STANDARD = "gnu++14";
				CLANG_CXX_LIBRARY = "libc++";
				CLANG_ENABLE_MODULES = YES;
				CLANG_ENABLE_OBJC_ARC = YES;
				CLANG_WARN_BLOCK_CAPTURE_AUTORELEASING = YES;
				CLANG_WARN_BOOL_CONVERSION = YES;
				CLANG_WARN_COMMA = YES;
				CLANG_WARN_CONSTANT_CONVERSION = YES;
				CLANG_WARN_DIRECT_OBJC_ISA_USAGE = YES_ERROR;
				CLANG_WARN_DOCUMENTATION_COMMENTS = YES;
				CLANG_WARN_EMPTY_BODY = YES;
				CLANG_WARN_ENUM_CONVERSION = YES;
				CLANG_WARN_INFINITE_RECURSION = YES;
				CLANG_WARN_INT_CONVERSION = YES;
				CLANG_WARN_NON_LITERAL_NULL_CONVERSION = YES;
				CLANG_WARN_OBJC_LITERAL_CONVERSION = YES;
				CLANG_WARN_OBJC_ROOT_CLASS = YES_ERROR;
				CLANG_WARN_RANGE_LOOP_ANALYSIS = YES;
				CLANG_WARN_STRICT_PROTOTYPES = YES;
				CLANG_WARN_SUSPICIOUS_MOVE = YES;
				CLANG_WARN_UNGUARDED_AVAILABILITY = YES_AGGRESSIVE;
				CLANG_WARN_UNREACHABLE_CODE = YES;
				CLANG_WARN__DUPLICATE_METHOD_MATCH = YES;
				CODE_SIGN_IDENTITY = "iPhone Developer";
				COPY_PHASE_STRIP = NO;
				DEBUG_INFORMATION_FORMAT = dwarf;
				ENABLE_STRICT_OBJC_MSGSEND = YES;
				ENABLE_TESTABILITY = YES;
				GCC_C_LANGUAGE_STANDARD = gnu11;
				GCC_DYNAMIC_NO_PIC = NO;
				GCC_NO_COMMON_BLOCKS = YES;
				GCC_OPTIMIZATION_LEVEL = 0;
				GCC_PREPROCESSOR_DEFINITIONS = (
					"DEBUG=1",
					"$(inherited)",
				);
				GCC_WARN_64_TO_32_BIT_CONVERSION = YES;
				GCC_WARN_ABOUT_RETURN_TYPE = YES_ERROR;
				GCC_WARN_UNDECLARED_SELECTOR = YES;
				GCC_WARN_UNINITIALIZED_AUTOS = YES_AGGRESSIVE;
				GCC_WARN_UNUSED_FUNCTION = YES;
				GCC_WARN_UNUSED_VARIABLE = YES;
				IPHONEOS_DEPLOYMENT_TARGET = 11.0;
				MTL_ENABLE_DEBUG_INFO = YES;
				ONLY_ACTIVE_ARCH = YES;
				SDKROOT = iphoneos;
				SWIFT_ACTIVE_COMPILATION_CONDITIONS = DEBUG;
				SWIFT_OPTIMIZATION_LEVEL = "-Onone";
			};
			name = Debug;
		};
		9C269B3F1FA7C4BB00948B0A /* Release */ = {
			isa = XCBuildConfiguration;
			buildSettings = {
				ALWAYS_SEARCH_USER_PATHS = NO;
				CLANG_ANALYZER_NONNULL = YES;
				CLANG_ANALYZER_NUMBER_OBJECT_CONVERSION = YES_AGGRESSIVE;
				CLANG_CXX_LANGUAGE_STANDARD = "gnu++14";
				CLANG_CXX_LIBRARY = "libc++";
				CLANG_ENABLE_MODULES = YES;
				CLANG_ENABLE_OBJC_ARC = YES;
				CLANG_WARN_BLOCK_CAPTURE_AUTORELEASING = YES;
				CLANG_WARN_BOOL_CONVERSION = YES;
				CLANG_WARN_COMMA = YES;
				CLANG_WARN_CONSTANT_CONVERSION = YES;
				CLANG_WARN_DIRECT_OBJC_ISA_USAGE = YES_ERROR;
				CLANG_WARN_DOCUMENTATION_COMMENTS = YES;
				CLANG_WARN_EMPTY_BODY = YES;
				CLANG_WARN_ENUM_CONVERSION = YES;
				CLANG_WARN_INFINITE_RECURSION = YES;
				CLANG_WARN_INT_CONVERSION = YES;
				CLANG_WARN_NON_LITERAL_NULL_CONVERSION = YES;
				CLANG_WARN_OBJC_LITERAL_CONVERSION = YES;
				CLANG_WARN_OBJC_ROOT_CLASS = YES_ERROR;
				CLANG_WARN_RANGE_LOOP_ANALYSIS = YES;
				CLANG_WARN_STRICT_PROTOTYPES = YES;
				CLANG_WARN_SUSPICIOUS_MOVE = YES;
				CLANG_WARN_UNGUARDED_AVAILABILITY = YES_AGGRESSIVE;
				CLANG_WARN_UNREACHABLE_CODE = YES;
				CLANG_WARN__DUPLICATE_METHOD_MATCH = YES;
				CODE_SIGN_IDENTITY = "iPhone Developer";
				COPY_PHASE_STRIP = NO;
				DEBUG_INFORMATION_FORMAT = "dwarf-with-dsym";
				ENABLE_NS_ASSERTIONS = NO;
				ENABLE_STRICT_OBJC_MSGSEND = YES;
				GCC_C_LANGUAGE_STANDARD = gnu11;
				GCC_NO_COMMON_BLOCKS = YES;
				GCC_WARN_64_TO_32_BIT_CONVERSION = YES;
				GCC_WARN_ABOUT_RETURN_TYPE = YES_ERROR;
				GCC_WARN_UNDECLARED_SELECTOR = YES;
				GCC_WARN_UNINITIALIZED_AUTOS = YES_AGGRESSIVE;
				GCC_WARN_UNUSED_FUNCTION = YES;
				GCC_WARN_UNUSED_VARIABLE = YES;
				IPHONEOS_DEPLOYMENT_TARGET = 11.0;
				MTL_ENABLE_DEBUG_INFO = NO;
				SDKROOT = iphoneos;
				SWIFT_OPTIMIZATION_LEVEL = "-Owholemodule";
				VALIDATE_PRODUCT = YES;
			};
			name = Release;
		};
		9C269B411FA7C4BB00948B0A /* Debug */ = {
			isa = XCBuildConfiguration;
			buildSettings = {
				ASSETCATALOG_COMPILER_APPICON_NAME = AppIcon;
				CODE_SIGN_STYLE = Automatic;
				DEVELOPMENT_TEAM = 3XPZ2XV3WU;
				INFOPLIST_FILE = CILab/Info.plist;
				LD_RUNPATH_SEARCH_PATHS = "$(inherited) @executable_path/Frameworks";
				PRODUCT_BUNDLE_IDENTIFIER = com.eugeniobarquin.CILab;
				PRODUCT_NAME = "$(TARGET_NAME)";
				SWIFT_VERSION = 4.0;
				TARGETED_DEVICE_FAMILY = "1,2";
			};
			name = Debug;
		};
		9C269B421FA7C4BB00948B0A /* Release */ = {
			isa = XCBuildConfiguration;
			buildSettings = {
				ASSETCATALOG_COMPILER_APPICON_NAME = AppIcon;
				CODE_SIGN_STYLE = Automatic;
				DEVELOPMENT_TEAM = 3XPZ2XV3WU;
				INFOPLIST_FILE = CILab/Info.plist;
				LD_RUNPATH_SEARCH_PATHS = "$(inherited) @executable_path/Frameworks";
				PRODUCT_BUNDLE_IDENTIFIER = com.eugeniobarquin.CILab;
				PRODUCT_NAME = "$(TARGET_NAME)";
				SWIFT_VERSION = 4.0;
				TARGETED_DEVICE_FAMILY = "1,2";
			};
			name = Release;
		};
		9C269B441FA7C4BB00948B0A /* Debug */ = {
			isa = XCBuildConfiguration;
			buildSettings = {
				ALWAYS_EMBED_SWIFT_STANDARD_LIBRARIES = YES;
				BUNDLE_LOADER = "$(TEST_HOST)";
				CODE_SIGN_STYLE = Automatic;
				DEVELOPMENT_TEAM = 3XPZ2XV3WU;
				INFOPLIST_FILE = CILabTests/Info.plist;
				LD_RUNPATH_SEARCH_PATHS = "$(inherited) @executable_path/Frameworks @loader_path/Frameworks";
				PRODUCT_BUNDLE_IDENTIFIER = com.eugeniobarquin.CILabTests;
				PRODUCT_NAME = "$(TARGET_NAME)";
				SWIFT_VERSION = 4.0;
				TARGETED_DEVICE_FAMILY = "1,2";
				TEST_HOST = "$(BUILT_PRODUCTS_DIR)/CILab.app/CILab";
			};
			name = Debug;
		};
		9C269B451FA7C4BB00948B0A /* Release */ = {
			isa = XCBuildConfiguration;
			buildSettings = {
				ALWAYS_EMBED_SWIFT_STANDARD_LIBRARIES = YES;
				BUNDLE_LOADER = "$(TEST_HOST)";
				CODE_SIGN_STYLE = Automatic;
				DEVELOPMENT_TEAM = 3XPZ2XV3WU;
				INFOPLIST_FILE = CILabTests/Info.plist;
				LD_RUNPATH_SEARCH_PATHS = "$(inherited) @executable_path/Frameworks @loader_path/Frameworks";
				PRODUCT_BUNDLE_IDENTIFIER = com.eugeniobarquin.CILabTests;
				PRODUCT_NAME = "$(TARGET_NAME)";
				SWIFT_VERSION = 4.0;
				TARGETED_DEVICE_FAMILY = "1,2";
				TEST_HOST = "$(BUILT_PRODUCTS_DIR)/CILab.app/CILab";
			};
			name = Release;
		};
		9C269B471FA7C4BB00948B0A /* Debug */ = {
			isa = XCBuildConfiguration;
			buildSettings = {
				ALWAYS_EMBED_SWIFT_STANDARD_LIBRARIES = YES;
				CODE_SIGN_STYLE = Automatic;
				DEVELOPMENT_TEAM = 3XPZ2XV3WU;
				INFOPLIST_FILE = CILabUITests/Info.plist;
				LD_RUNPATH_SEARCH_PATHS = "$(inherited) @executable_path/Frameworks @loader_path/Frameworks";
				PRODUCT_BUNDLE_IDENTIFIER = com.eugeniobarquin.CILabUITests;
				PRODUCT_NAME = "$(TARGET_NAME)";
				SWIFT_VERSION = 4.0;
				TARGETED_DEVICE_FAMILY = "1,2";
				TEST_TARGET_NAME = CILab;
			};
			name = Debug;
		};
		9C269B481FA7C4BB00948B0A /* Release */ = {
			isa = XCBuildConfiguration;
			buildSettings = {
				ALWAYS_EMBED_SWIFT_STANDARD_LIBRARIES = YES;
				CODE_SIGN_STYLE = Automatic;
				DEVELOPMENT_TEAM = 3XPZ2XV3WU;
				INFOPLIST_FILE = CILabUITests/Info.plist;
				LD_RUNPATH_SEARCH_PATHS = "$(inherited) @executable_path/Frameworks @loader_path/Frameworks";
				PRODUCT_BUNDLE_IDENTIFIER = com.eugeniobarquin.CILabUITests;
				PRODUCT_NAME = "$(TARGET_NAME)";
				SWIFT_VERSION = 4.0;
				TARGETED_DEVICE_FAMILY = "1,2";
				TEST_TARGET_NAME = CILab;
			};
			name = Release;
		};
/* End XCBuildConfiguration section */

/* Begin XCConfigurationList section */
		9C269B131FA7C4BA00948B0A /* Build configuration list for PBXProject "CILab" */ = {
			isa = XCConfigurationList;
			buildConfigurations = (
				9C269B3E1FA7C4BB00948B0A /* Debug */,
				9C269B3F1FA7C4BB00948B0A /* Release */,
			);
			defaultConfigurationIsVisible = 0;
			defaultConfigurationName = Release;
		};
		9C269B401FA7C4BB00948B0A /* Build configuration list for PBXNativeTarget "CILab" */ = {
			isa = XCConfigurationList;
			buildConfigurations = (
				9C269B411FA7C4BB00948B0A /* Debug */,
				9C269B421FA7C4BB00948B0A /* Release */,
			);
			defaultConfigurationIsVisible = 0;
			defaultConfigurationName = Release;
		};
		9C269B431FA7C4BB00948B0A /* Build configuration list for PBXNativeTarget "CILabTests" */ = {
			isa = XCConfigurationList;
			buildConfigurations = (
				9C269B441FA7C4BB00948B0A /* Debug */,
				9C269B451FA7C4BB00948B0A /* Release */,
			);
			defaultConfigurationIsVisible = 0;
			defaultConfigurationName = Release;
		};
		9C269B461FA7C4BB00948B0A /* Build configuration list for PBXNativeTarget "CILabUITests" */ = {
			isa = XCConfigurationList;
			buildConfigurations = (
				9C269B471FA7C4BB00948B0A /* Debug */,
				9C269B481FA7C4BB00948B0A /* Release */,
			);
			defaultConfigurationIsVisible = 0;
			defaultConfigurationName = Release;
		};
/* End XCConfigurationList section */
	};
	rootObject = 9C269B101FA7C4BA00948B0A /* Project object */;
}
